
Microsoft Visual Studio Solution File, Format Version 12.00
# Visual Studio Version 17
VisualStudioVersion = 17.11.35327.3
MinimumVisualStudioVersion = 10.0.40219.1
Project("{FAE04EC0-301F-11D3-BF4B-00C04F79EFBC}") = "WindDataReceiver", "WindDataReceiver\WindDataReceiver.csproj", "{4707534F-5975-4027-AD1B-85D12CEE1851}"
EndProject
Project("{FAE04EC0-301F-11D3-BF4B-00C04F79EFBC}") = "Contracts", "Contracts\Contracts.csproj", "{6D2633E0-8D12-4097-BCC8-1B8381903477}"
EndProject
Global
	GlobalSection(SolutionConfigurationPlatforms) = preSolution
		Debug|Any CPU = Debug|Any CPU
		Release|Any CPU = Release|Any CPU
	EndGlobalSection
	GlobalSection(ProjectConfigurationPlatforms) = postSolution
		{4707534F-5975-4027-AD1B-85D12CEE1851}.Debug|Any CPU.ActiveCfg = Debug|Any CPU
		{4707534F-5975-4027-AD1B-85D12CEE1851}.Debug|Any CPU.Build.0 = Debug|Any CPU
		{4707534F-5975-4027-AD1B-85D12CEE1851}.Release|Any CPU.ActiveCfg = Release|Any CPU
		{4707534F-5975-4027-AD1B-85D12CEE1851}.Release|Any CPU.Build.0 = Release|Any CPU
		{6D2633E0-8D12-4097-BCC8-1B8381903477}.Debug|Any CPU.ActiveCfg = Debug|Any CPU
		{6D2633E0-8D12-4097-BCC8-1B8381903477}.Debug|Any CPU.Build.0 = Debug|Any CPU
		{6D2633E0-8D12-4097-BCC8-1B8381903477}.Release|Any CPU.ActiveCfg = Release|Any CPU
		{6D2633E0-8D12-4097-BCC8-1B8381903477}.Release|Any CPU.Build.0 = Release|Any CPU
	EndGlobalSection
	GlobalSection(SolutionProperties) = preSolution
		HideSolutionNode = FALSE
	EndGlobalSection
	GlobalSection(ExtensibilityGlobals) = postSolution
		SolutionGuid = {DA79176D-032F-4FC5-9C9A-36F355708D49}
	EndGlobalSection
EndGlobal
